{
    "_meta": {
        "hash": {
            "sha256": "e6d0f6bc214e26ec520280d20ea44d27003e287cae3d06aeba31351b54c3062a"
        },
        "pipfile-spec": 6,
        "requires": {
            "python_version": "3.10"
        },
        "sources": [
            {
                "name": "pypi",
                "url": "https://pypi.org/simple",
                "verify_ssl": true
            }
        ]
    },
    "default": {
        "pyqt6": {
            "hashes": [
                "sha256:20dec18471d3e574e37411618725dc2901443a781f5c6d974b041413141f33e4",
                "sha256:4fd85dcb15ea4e734b6e4e216fe9a6246779761edaf2cf7c0cce1a2303a8d31b",
                "sha256:e193f8714ff21cb13fe4a6148b963893ff9ff738676fc9c853333259b9b64425",
                "sha256:ff4244507d1ff54fffa27cdaf4d4df90e4252fd1843ba28d2f32a4c79c3ece4e"
            ],
            "index": "pypi",
            "version": "==6.3.0"
        },
        "pyqt6-qt6": {
            "hashes": [
                "sha256:0782dc4da4933755182724290b43f52441b1b90c377ee7e6a1b625bb91c09a10",
                "sha256:7f94dcf6f60e3e395083d87e49f14ccc194cd45d73f301ade39bc6adfdfc765f",
                "sha256:bef30ad651fa5fbc4a5d157862108c6ea270e636cc98b1eafdb93f5c7fef7eff",
                "sha256:e87d192d20c5789aa1271025831881dde071a357a1956c808fb5e1b4603ec832"
            ],
            "version": "==6.3.0"
        },
        "pyqt6-sip": {
            "hashes": [
                "sha256:0f4d7a0dd9c610ab0b2e7b46cfa45eeecd72a50f9d2a82a883d4fc2a0eabe216",
                "sha256:10e54200c619276f4e79c615b0d2f1f612a8b4fe443c119869de62546e0f9f2f",
                "sha256:33c4a39e9fce8448d0abb79f80ecf35b8420ec76fa90b056173ce69a8a2ae769",
                "sha256:3bffad016f115a003f290bf8e92d2fd38d6b3c832946e7ee98aa9ecc20c431ba",
                "sha256:45f23a3de6290ab311d827a371e82c09cd3203d57c74e8aa739280feb0960f80",
                "sha256:77edc790f8bae29729103b378ccd29beba402bcdde5c584bd4aebbf8c8a75caa",
                "sha256:7c26dcba7deebb3d001079eda84be911bac55520b5e7b7113fac1859d850b566",
                "sha256:98c53675a4fb2507126ff2ea3ec03872d6e59624d45e6ad95053f74002be121f",
                "sha256:b94dc4ecda4b6a011cdb5fdff0eae27567d30c30bc884c78394b76e02eb3df7a",
                "sha256:b9506e2ddb126541457db939311432a63d0affc83bf86ff902d1664c7c167db6",
                "sha256:d629c0e39d5ccfdae567b92ba74d92f9180b7c55535f82251f1a12a9076a9e01",
                "sha256:ef89555ad34ca8b8f6d2e3ccacd4edacebef781404254c2cb17ba1c60cdc57c2",
                "sha256:f17c15665a4007cdf167eaeb133408b8e3409203303199a00068da63ea4c41a3"
            ],
            "markers": "python_version >= '3.7'",
            "version": "==13.3.1"
        }
    },
    "develop": {
        "altgraph": {
            "hashes": [
                "sha256:743628f2ac6a7c26f5d9223c91ed8ecbba535f506f4b6f558885a8a56a105857",
                "sha256:ebf2269361b47d97b3b88e696439f6e4cbc607c17c51feb1754f90fb79839158"
            ],
            "version": "==0.17.2"
        },
        "future": {
            "hashes": [
                "sha256:b1bead90b70cf6ec3f0710ae53a525360fa360d306a86583adc6bf83a4db537d"
            ],
            "markers": "python_version >= '2.6' and python_version not in '3.0, 3.1, 3.2, 3.3'",
            "version": "==0.18.2"
        },
        "pefile": {
            "hashes": [
                "sha256:a5488a3dd1fd021ce33f969780b88fe0f7eebb76eb20996d7318f307612a045b"
            ],
            "markers": "sys_platform == 'win32'",
            "version": "==2022.5.30"
        },
        "pyinstaller": {
            "hashes": [
                "sha256:29b3f17d75ff58b12db7b0116df1b3382c8345aefd500a177987eaf0599dec03",
                "sha256:3c9bc373b4a4bf6d81b306b9918e290a3de582d7b50a0f6f4e837970a4db0c54",
                "sha256:588f2840c27a8a7e1b1fa361f107a1060c5096b36d3c94c243b23687ee41609d",
                "sha256:9596c70c860cbce19537354db95b180351959b4cd14a70db6ab1d1432668c313",
                "sha256:996e296d1dfe27c3e89efc26dbcc247f49c0801a9b5e22e2b39f5b983cf5c2f5",
                "sha256:a90ee3181c88aed0893bf537a50ad547655f5d555a5b731215a5fe1946d2f3db",
                "sha256:ac003d49bbd62f6712b5631487049cee4f0a07445dd31c6d05e5724e33689fca",
                "sha256:c421b46ebf81ad4498de480640ce1a47ac15dfd3938dfc2e1c0846cb5cdb0c59",
                "sha256:d3852c1f8fe6ca2f5c7942c845dc6d1f6140aa7860fe3500eac3ac88875d1dd4",
                "sha256:d8bfe5c32b4b5aaa91a5c1c7912fe3e5d13e7671f3468ee7742ec71ca192a975",
                "sha256:f786cb013ebfd3fb23ddb46285902663e31256220b12b368f8c36e859a77ebc9"
            ],
            "index": "pypi",
            "version": "==5.1"
        },
        "pyinstaller-hooks-contrib": {
            "hashes": [
                "sha256:9dc611cf6667301e95384b4a0631b032bbffa16a0688f4cfa014d0c1e751d276",
                "sha256:e38bf9266c57be19647762ee63b012683beb6919c6bc2ecdc66ca174edec44a0"
            ],
            "markers": "python_version >= '3.7'",
            "version": "==2022.6"
        },
        "pywin32-ctypes": {
            "hashes": [
                "sha256:24ffc3b341d457d48e8922352130cf2644024a4ff09762a2261fd34c36ee5942",
                "sha256:9dc2d991b3479cc2df15930958b674a48a227d5361d413827a4cfd0b5876fc98"
            ],
            "markers": "sys_platform == 'win32'",
            "version": "==0.2.0"
        },
        "setuptools": {
            "hashes": [
                "sha256:68e45d17c9281ba25dc0104eadd2647172b3472d9e01f911efa57965e8d51a36",
                "sha256:a43bdedf853c670e5fed28e5623403bad2f73cf02f9a2774e91def6bda8265a7"
            ],
            "markers": "python_version >= '3.7'",
            "version": "==62.3.2"
        }
    }
}
